
Microsoft Visual Studio Solution File, Format Version 11.00
# Visual Studio 2010
Project("{FAE04EC0-301F-11D3-BF4B-00C04F79EFBC}") = "VS.E_Commerce", "VS.EDUCATION\VS.E_Commerce.csproj", "{EF53466A-AF21-4894-836C-457DEBDB25F3}"
EndProject
Project("{2150E333-8FDC-42A3-9474-1A3956D46DE8}") = "Library", "Library", "{3DE54B2F-DE26-4E65-A238-A32657B25465}"
EndProject
Project("{FAE04EC0-301F-11D3-BF4B-00C04F79EFBC}") = "Entity", "Entity\Entity.csproj", "{4EBA4919-34A5-404A-9141-D22AD05841DE}"
EndProject
Project("{FAE04EC0-301F-11D3-BF4B-00C04F79EFBC}") = "Framework", "Framework\Framework.csproj", "{868F2289-02BF-4165-A96D-D44C3AFCF2F5}"
EndProject
Project("{FAE04EC0-301F-11D3-BF4B-00C04F79EFBC}") = "Services", "Services\Services.csproj", "{B83EFC42-8DB7-4B22-B230-044D6EBADE71}"
EndProject
Project("{FAE04EC0-301F-11D3-BF4B-00C04F79EFBC}") = "MoreAll", "MoreAll\MoreAll.csproj", "{D7AA432F-DEF0-4FE0-A92D-B8EA021789DB}"
EndProject
Global
	GlobalSection(SolutionConfigurationPlatforms) = preSolution
		Debug|Any CPU = Debug|Any CPU
		Release|Any CPU = Release|Any CPU
	EndGlobalSection
	GlobalSection(ProjectConfigurationPlatforms) = postSolution
		{EF53466A-AF21-4894-836C-457DEBDB25F3}.Debug|Any CPU.ActiveCfg = Debug|Any CPU
		{EF53466A-AF21-4894-836C-457DEBDB25F3}.Debug|Any CPU.Build.0 = Debug|Any CPU
		{EF53466A-AF21-4894-836C-457DEBDB25F3}.Release|Any CPU.ActiveCfg = Release|Any CPU
		{EF53466A-AF21-4894-836C-457DEBDB25F3}.Release|Any CPU.Build.0 = Release|Any CPU
		{4EBA4919-34A5-404A-9141-D22AD05841DE}.Debug|Any CPU.ActiveCfg = Debug|Any CPU
		{4EBA4919-34A5-404A-9141-D22AD05841DE}.Debug|Any CPU.Build.0 = Debug|Any CPU
		{4EBA4919-34A5-404A-9141-D22AD05841DE}.Release|Any CPU.ActiveCfg = Release|Any CPU
		{4EBA4919-34A5-404A-9141-D22AD05841DE}.Release|Any CPU.Build.0 = Release|Any CPU
		{868F2289-02BF-4165-A96D-D44C3AFCF2F5}.Debug|Any CPU.ActiveCfg = Debug|Any CPU
		{868F2289-02BF-4165-A96D-D44C3AFCF2F5}.Debug|Any CPU.Build.0 = Debug|Any CPU
		{868F2289-02BF-4165-A96D-D44C3AFCF2F5}.Release|Any CPU.ActiveCfg = Release|Any CPU
		{868F2289-02BF-4165-A96D-D44C3AFCF2F5}.Release|Any CPU.Build.0 = Release|Any CPU
		{B83EFC42-8DB7-4B22-B230-044D6EBADE71}.Debug|Any CPU.ActiveCfg = Debug|Any CPU
		{B83EFC42-8DB7-4B22-B230-044D6EBADE71}.Debug|Any CPU.Build.0 = Debug|Any CPU
		{B83EFC42-8DB7-4B22-B230-044D6EBADE71}.Release|Any CPU.ActiveCfg = Release|Any CPU
		{B83EFC42-8DB7-4B22-B230-044D6EBADE71}.Release|Any CPU.Build.0 = Release|Any CPU
		{D7AA432F-DEF0-4FE0-A92D-B8EA021789DB}.Debug|Any CPU.ActiveCfg = Debug|Any CPU
		{D7AA432F-DEF0-4FE0-A92D-B8EA021789DB}.Debug|Any CPU.Build.0 = Debug|Any CPU
		{D7AA432F-DEF0-4FE0-A92D-B8EA021789DB}.Release|Any CPU.ActiveCfg = Release|Any CPU
		{D7AA432F-DEF0-4FE0-A92D-B8EA021789DB}.Release|Any CPU.Build.0 = Release|Any CPU
	EndGlobalSection
	GlobalSection(SolutionProperties) = preSolution
		HideSolutionNode = FALSE
	EndGlobalSection
	GlobalSection(NestedProjects) = preSolution
		{4EBA4919-34A5-404A-9141-D22AD05841DE} = {3DE54B2F-DE26-4E65-A238-A32657B25465}
		{868F2289-02BF-4165-A96D-D44C3AFCF2F5} = {3DE54B2F-DE26-4E65-A238-A32657B25465}
		{B83EFC42-8DB7-4B22-B230-044D6EBADE71} = {3DE54B2F-DE26-4E65-A238-A32657B25465}
		{D7AA432F-DEF0-4FE0-A92D-B8EA021789DB} = {3DE54B2F-DE26-4E65-A238-A32657B25465}
	EndGlobalSection
EndGlobal
